
Microsoft Visual Studio Solution File, Format Version 12.00
# Visual Studio Version 17
VisualStudioVersion = 17.14.36310.24
MinimumVisualStudioVersion = 10.0.40219.1
Project("{8BC9CEB8-8B4A-11D0-8D11-00A0C91BC942}") = "C-Practice", "C-Practice\C-Practice.vcxproj", "{FDA39931-90A8-498A-85F0-0DF20A32F11C}"
EndProject
Project("{8BC9CEB8-8B4A-11D0-8D11-00A0C91BC942}") = "Cpp_pratice", "Cpp_pratice\Cpp_pratice.vcxproj", "{1D021E66-B144-4112-A1AA-68F175855DA2}"
EndProject
Global
	GlobalSection(SolutionConfigurationPlatforms) = preSolution
		Debug|x64 = Debug|x64
		Debug|x86 = Debug|x86
		Release|x64 = Release|x64
		Release|x86 = Release|x86
	EndGlobalSection
	GlobalSection(ProjectConfigurationPlatforms) = postSolution
		{FDA39931-90A8-498A-85F0-0DF20A32F11C}.Debug|x64.ActiveCfg = Debug|x64
		{FDA39931-90A8-498A-85F0-0DF20A32F11C}.Debug|x64.Build.0 = Debug|x64
		{FDA39931-90A8-498A-85F0-0DF20A32F11C}.Debug|x86.ActiveCfg = Debug|Win32
		{FDA39931-90A8-498A-85F0-0DF20A32F11C}.Debug|x86.Build.0 = Debug|Win32
		{FDA39931-90A8-498A-85F0-0DF20A32F11C}.Release|x64.ActiveCfg = Release|x64
		{FDA39931-90A8-498A-85F0-0DF20A32F11C}.Release|x64.Build.0 = Release|x64
		{FDA39931-90A8-498A-85F0-0DF20A32F11C}.Release|x86.ActiveCfg = Release|Win32
		{FDA39931-90A8-498A-85F0-0DF20A32F11C}.Release|x86.Build.0 = Release|Win32
		{1D021E66-B144-4112-A1AA-68F175855DA2}.Debug|x64.ActiveCfg = Debug|x64
		{1D021E66-B144-4112-A1AA-68F175855DA2}.Debug|x64.Build.0 = Debug|x64
		{1D021E66-B144-4112-A1AA-68F175855DA2}.Debug|x86.ActiveCfg = Debug|Win32
		{1D021E66-B144-4112-A1AA-68F175855DA2}.Debug|x86.Build.0 = Debug|Win32
		{1D021E66-B144-4112-A1AA-68F175855DA2}.Release|x64.ActiveCfg = Release|x64
		{1D021E66-B144-4112-A1AA-68F175855DA2}.Release|x64.Build.0 = Release|x64
		{1D021E66-B144-4112-A1AA-68F175855DA2}.Release|x86.ActiveCfg = Release|Win32
		{1D021E66-B144-4112-A1AA-68F175855DA2}.Release|x86.Build.0 = Release|Win32
	EndGlobalSection
	GlobalSection(SolutionProperties) = preSolution
		HideSolutionNode = FALSE
	EndGlobalSection
	GlobalSection(ExtensibilityGlobals) = postSolution
		SolutionGuid = {25471E11-C6C7-4124-9C81-2AD87215C577}
	EndGlobalSection
EndGlobal
