<?xml version="1.0" encoding="utf-8"?>
<Project ToolsVersion="4.0" xmlns="http://schemas.microsoft.com/developer/msbuild/2003">
  <ItemGroup>
    <Filter Include="소스 파일">
      <UniqueIdentifier>{4FC737F1-C7A5-4376-A066-2A32D752A2FF}</UniqueIdentifier>
      <Extensions>cpp;c;cc;cxx;c++;cppm;ixx;def;odl;idl;hpj;bat;asm;asmx</Extensions>
    </Filter>
    <Filter Include="헤더 파일">
      <UniqueIdentifier>{93995380-89BD-4b04-88EB-625FBE52EBFB}</UniqueIdentifier>
      <Extensions>h;hh;hpp;hxx;h++;hm;inl;inc;ipp;xsd</Extensions>
    </Filter>
    <Filter Include="리소스 파일">
      <UniqueIdentifier>{67DA6AB6-F800-4c08-8B7A-83BB121AAD01}</UniqueIdentifier>
      <Extensions>rc;ico;cur;bmp;dlg;rc2;rct;bin;rgs;gif;jpg;jpeg;jpe;resx;tiff;tif;png;wav;mfcribbon-ms</Extensions>
    </Filter>
    <Filter Include="소스 파일\ch01-02">
      <UniqueIdentifier>{f76f8693-26f2-4fe9-8cd8-2e70c9594fa1}</UniqueIdentifier>
    </Filter>
    <Filter Include="소스 파일\ch03">
      <UniqueIdentifier>{338596df-4d9d-4308-88ed-ffa02b8d8fd2}</UniqueIdentifier>
    </Filter>
    <Filter Include="헤더 파일\ch03">
      <UniqueIdentifier>{9c6fc0c1-1f86-4b6b-93fe-841081620f27}</UniqueIdentifier>
    </Filter>
    <Filter Include="소스 파일\ch04">
      <UniqueIdentifier>{38e4b645-0521-453d-bcd4-36884adbcb2f}</UniqueIdentifier>
    </Filter>
  </ItemGroup>
  <ItemGroup>
    <ClCompile Include="ch01_1.cpp">
      <Filter>소스 파일\ch01-02</Filter>
    </ClCompile>
    <ClCompile Include="ch02_1.cpp">
      <Filter>소스 파일\ch01-02</Filter>
    </ClCompile>
    <ClCompile Include="ch02_2.cpp">
      <Filter>소스 파일\ch01-02</Filter>
    </ClCompile>
    <ClCompile Include="ch02_3.cpp">
      <Filter>소스 파일\ch01-02</Filter>
    </ClCompile>
    <ClCompile Include="ch02_4.cpp">
      <Filter>소스 파일\ch01-02</Filter>
    </ClCompile>
    <ClCompile Include="ch02_5.cpp">
      <Filter>소스 파일\ch01-02</Filter>
    </ClCompile>
    <ClCompile Include="ch02_5_2.cpp">
      <Filter>소스 파일\ch01-02</Filter>
    </ClCompile>
    <ClCompile Include="ch02_6.cpp">
      <Filter>소스 파일\ch01-02</Filter>
    </ClCompile>
    <ClCompile Include="ch02_7.cpp">
      <Filter>소스 파일\ch01-02</Filter>
    </ClCompile>
    <ClCompile Include="ch02_8.cpp">
      <Filter>소스 파일\ch01-02</Filter>
    </ClCompile>
    <ClCompile Include="ch03_16_1.cpp">
      <Filter>소스 파일\ch03</Filter>
    </ClCompile>
    <ClCompile Include="ch03_1.cpp">
      <Filter>소스 파일\ch03</Filter>
    </ClCompile>
    <ClCompile Include="ch03_2.cpp">
      <Filter>소스 파일\ch03</Filter>
    </ClCompile>
    <ClCompile Include="ch03_3.cpp">
      <Filter>소스 파일\ch03</Filter>
    </ClCompile>
    <ClCompile Include="ch03_4.cpp">
      <Filter>소스 파일\ch03</Filter>
    </ClCompile>
    <ClCompile Include="ch03_5.cpp">
      <Filter>소스 파일\ch03</Filter>
    </ClCompile>
    <ClCompile Include="ch03_6.cpp">
      <Filter>소스 파일\ch03</Filter>
    </ClCompile>
    <ClCompile Include="ch03_07_2.cpp">
      <Filter>소스 파일\ch03</Filter>
    </ClCompile>
    <ClCompile Include="ch03_7.cpp">
      <Filter>소스 파일\ch03</Filter>
    </ClCompile>
    <ClCompile Include="ch03_8.cpp">
      <Filter>소스 파일\ch03</Filter>
    </ClCompile>
    <ClCompile Include="ch03_9.cpp">
      <Filter>소스 파일\ch03</Filter>
    </ClCompile>
    <ClCompile Include="ch03_9_2.cpp">
      <Filter>소스 파일\ch03</Filter>
    </ClCompile>
    <ClCompile Include="ch03_10.cpp">
      <Filter>소스 파일\ch03</Filter>
    </ClCompile>
    <ClCompile Include="ch03_10_2.cpp">
      <Filter>소스 파일\ch03</Filter>
    </ClCompile>
    <ClCompile Include="ch03_11.cpp">
      <Filter>소스 파일\ch03</Filter>
    </ClCompile>
    <ClCompile Include="ch03_12.cpp">
      <Filter>소스 파일\ch03</Filter>
    </ClCompile>
    <ClCompile Include="ch03_13.cpp">
      <Filter>소스 파일\ch03</Filter>
    </ClCompile>
    <ClCompile Include="ch03_13_2.cpp">
      <Filter>소스 파일\ch03</Filter>
    </ClCompile>
    <ClCompile Include="ch03_13_3.cpp">
      <Filter>소스 파일\ch03</Filter>
    </ClCompile>
    <ClCompile Include="ch03_14_1_circle.cpp">
      <Filter>소스 파일\ch03</Filter>
    </ClCompile>
    <ClCompile Include="ch03_14_1_main.cpp">
      <Filter>소스 파일\ch03</Filter>
    </ClCompile>
    <ClCompile Include="ch03_15_1.cpp">
      <Filter>소스 파일\ch03</Filter>
    </ClCompile>
    <ClCompile Include="ch03_15_2_Adder.cpp">
      <Filter>소스 파일\ch03</Filter>
    </ClCompile>
    <ClCompile Include="ch03_15_2_Calculator.cpp">
      <Filter>소스 파일\ch03</Filter>
    </ClCompile>
    <ClCompile Include="ch03_15_2_main.cpp">
      <Filter>소스 파일\ch03</Filter>
    </ClCompile>
    <ClCompile Include="ch04_1.cpp">
      <Filter>소스 파일\ch04</Filter>
    </ClCompile>
    <ClCompile Include="ch04_1a.cpp">
      <Filter>소스 파일\ch04</Filter>
    </ClCompile>
    <ClCompile Include="ch04_2.cpp">
      <Filter>소스 파일\ch04</Filter>
    </ClCompile>
  </ItemGroup>
  <ItemGroup>
    <ClInclude Include="ch03_15_2_Calculator.h">
      <Filter>헤더 파일\ch03</Filter>
    </ClInclude>
    <ClInclude Include="ch03_14_1_circle.h">
      <Filter>헤더 파일\ch03</Filter>
    </ClInclude>
    <ClInclude Include="ch03_15_2_Adder.h">
      <Filter>헤더 파일\ch03</Filter>
    </ClInclude>
  </ItemGroup>
</Project>